
Microsoft Visual Studio Solution File, Format Version 12.00
# Visual Studio Version 16
VisualStudioVersion = 16.0.29519.181
MinimumVisualStudioVersion = 10.0.40219.1
Project("{FAE04EC0-301F-11D3-BF4B-00C04F79EFBC}") = "Day10", "Day10\Day10.csproj", "{AE228387-04EF-49AC-87A2-8E67B5B53551}"
EndProject
Global
	GlobalSection(SolutionConfigurationPlatforms) = preSolution
		Debug|Any CPU = Debug|Any CPU
		Release|Any CPU = Release|Any CPU
	EndGlobalSection
	GlobalSection(ProjectConfigurationPlatforms) = postSolution
		{AE228387-04EF-49AC-87A2-8E67B5B53551}.Debug|Any CPU.ActiveCfg = Debug|Any CPU
		{AE228387-04EF-49AC-87A2-8E67B5B53551}.Debug|Any CPU.Build.0 = Debug|Any CPU
		{AE228387-04EF-49AC-87A2-8E67B5B53551}.Release|Any CPU.ActiveCfg = Release|Any CPU
		{AE228387-04EF-49AC-87A2-8E67B5B53551}.Release|Any CPU.Build.0 = Release|Any CPU
	EndGlobalSection
	GlobalSection(SolutionProperties) = preSolution
		HideSolutionNode = FALSE
	EndGlobalSection
	GlobalSection(ExtensibilityGlobals) = postSolution
		SolutionGuid = {2FBF8588-8800-4A21-AA76-24701F0BC862}
	EndGlobalSection
EndGlobal
