
Microsoft Visual Studio Solution File, Format Version 12.00
# Visual Studio Version 16
VisualStudioVersion = 16.0.29519.181
MinimumVisualStudioVersion = 10.0.40219.1
Project("{FAE04EC0-301F-11D3-BF4B-00C04F79EFBC}") = "Day8", "Day8\Day8.csproj", "{5CECFB04-428E-4021-891B-08EC271E2198}"
EndProject
Global
	GlobalSection(SolutionConfigurationPlatforms) = preSolution
		Debug|Any CPU = Debug|Any CPU
		Release|Any CPU = Release|Any CPU
	EndGlobalSection
	GlobalSection(ProjectConfigurationPlatforms) = postSolution
		{5CECFB04-428E-4021-891B-08EC271E2198}.Debug|Any CPU.ActiveCfg = Debug|Any CPU
		{5CECFB04-428E-4021-891B-08EC271E2198}.Debug|Any CPU.Build.0 = Debug|Any CPU
		{5CECFB04-428E-4021-891B-08EC271E2198}.Release|Any CPU.ActiveCfg = Release|Any CPU
		{5CECFB04-428E-4021-891B-08EC271E2198}.Release|Any CPU.Build.0 = Release|Any CPU
	EndGlobalSection
	GlobalSection(SolutionProperties) = preSolution
		HideSolutionNode = FALSE
	EndGlobalSection
	GlobalSection(ExtensibilityGlobals) = postSolution
		SolutionGuid = {1A7C2905-8DFB-4BF7-BF73-274886B84C66}
	EndGlobalSection
EndGlobal
