
Microsoft Visual Studio Solution File, Format Version 12.00
# Visual Studio Version 16
VisualStudioVersion = 16.0.29519.181
MinimumVisualStudioVersion = 10.0.40219.1
Project("{FAE04EC0-301F-11D3-BF4B-00C04F79EFBC}") = "Day9", "Day9\Day9.csproj", "{946CD842-4337-42B3-8209-2A57EA00CC79}"
EndProject
Global
	GlobalSection(SolutionConfigurationPlatforms) = preSolution
		Debug|Any CPU = Debug|Any CPU
		Release|Any CPU = Release|Any CPU
	EndGlobalSection
	GlobalSection(ProjectConfigurationPlatforms) = postSolution
		{946CD842-4337-42B3-8209-2A57EA00CC79}.Debug|Any CPU.ActiveCfg = Debug|Any CPU
		{946CD842-4337-42B3-8209-2A57EA00CC79}.Debug|Any CPU.Build.0 = Debug|Any CPU
		{946CD842-4337-42B3-8209-2A57EA00CC79}.Release|Any CPU.ActiveCfg = Release|Any CPU
		{946CD842-4337-42B3-8209-2A57EA00CC79}.Release|Any CPU.Build.0 = Release|Any CPU
	EndGlobalSection
	GlobalSection(SolutionProperties) = preSolution
		HideSolutionNode = FALSE
	EndGlobalSection
	GlobalSection(ExtensibilityGlobals) = postSolution
		SolutionGuid = {9062930D-E528-4D78-9DAB-2A1ED294690A}
	EndGlobalSection
EndGlobal
