
Microsoft Visual Studio Solution File, Format Version 12.00
# Visual Studio Version 16
VisualStudioVersion = 16.0.29519.181
MinimumVisualStudioVersion = 10.0.40219.1
Project("{FAE04EC0-301F-11D3-BF4B-00C04F79EFBC}") = "Day6", "Day6\Day6.csproj", "{9A366E1F-402B-4A5A-B298-7090DDB5A4AE}"
EndProject
Global
	GlobalSection(SolutionConfigurationPlatforms) = preSolution
		Debug|Any CPU = Debug|Any CPU
		Release|Any CPU = Release|Any CPU
	EndGlobalSection
	GlobalSection(ProjectConfigurationPlatforms) = postSolution
		{9A366E1F-402B-4A5A-B298-7090DDB5A4AE}.Debug|Any CPU.ActiveCfg = Debug|Any CPU
		{9A366E1F-402B-4A5A-B298-7090DDB5A4AE}.Debug|Any CPU.Build.0 = Debug|Any CPU
		{9A366E1F-402B-4A5A-B298-7090DDB5A4AE}.Release|Any CPU.ActiveCfg = Release|Any CPU
		{9A366E1F-402B-4A5A-B298-7090DDB5A4AE}.Release|Any CPU.Build.0 = Release|Any CPU
	EndGlobalSection
	GlobalSection(SolutionProperties) = preSolution
		HideSolutionNode = FALSE
	EndGlobalSection
	GlobalSection(ExtensibilityGlobals) = postSolution
		SolutionGuid = {3607F556-F62C-4754-9F7D-A3563A48584B}
	EndGlobalSection
EndGlobal
