
Microsoft Visual Studio Solution File, Format Version 12.00
# Visual Studio Version 16
VisualStudioVersion = 16.0.29519.87
MinimumVisualStudioVersion = 10.0.40219.1
Project("{FAE04EC0-301F-11D3-BF4B-00C04F79EFBC}") = "Day3", "Day3\Day3.csproj", "{AED64B3B-D09D-4DC6-B75A-411E9E851FE4}"
EndProject
Global
	GlobalSection(SolutionConfigurationPlatforms) = preSolution
		Debug|Any CPU = Debug|Any CPU
		Release|Any CPU = Release|Any CPU
	EndGlobalSection
	GlobalSection(ProjectConfigurationPlatforms) = postSolution
		{AED64B3B-D09D-4DC6-B75A-411E9E851FE4}.Debug|Any CPU.ActiveCfg = Debug|Any CPU
		{AED64B3B-D09D-4DC6-B75A-411E9E851FE4}.Debug|Any CPU.Build.0 = Debug|Any CPU
		{AED64B3B-D09D-4DC6-B75A-411E9E851FE4}.Release|Any CPU.ActiveCfg = Release|Any CPU
		{AED64B3B-D09D-4DC6-B75A-411E9E851FE4}.Release|Any CPU.Build.0 = Release|Any CPU
	EndGlobalSection
	GlobalSection(SolutionProperties) = preSolution
		HideSolutionNode = FALSE
	EndGlobalSection
	GlobalSection(ExtensibilityGlobals) = postSolution
		SolutionGuid = {879A92B8-5811-46AB-9253-A4424F5D3068}
	EndGlobalSection
EndGlobal
